// !$*UTF8*$!
{
	archiveVersion = 1;
	classes = {
	};
	objectVersion = 50;
	objects = {

/* Begin PBXBuildFile section */
		A9370CB8236056FF0050876C /* LoginViewController.swift in Sources */ = {isa = PBXBuildFile; fileRef = A9370CB7236056FF0050876C /* LoginViewController.swift */; };
		A9370CBA236057170050876C /* LoginRouterInterface.swift in Sources */ = {isa = PBXBuildFile; fileRef = A9370CB9236057170050876C /* LoginRouterInterface.swift */; };
		A9370CCA236146CE0050876C /* RegisterViewController.swift in Sources */ = {isa = PBXBuildFile; fileRef = A9370CC9236146CE0050876C /* RegisterViewController.swift */; };
		A9370CCD236147040050876C /* RegisterRouterInterface.swift in Sources */ = {isa = PBXBuildFile; fileRef = A9370CCC236147040050876C /* RegisterRouterInterface.swift */; };
		A9371F7423602F6000045DCD /* Login.framework in Frameworks */ = {isa = PBXBuildFile; fileRef = A9371F6A23602F6000045DCD /* Login.framework */; };
		A9371F7923602F6000045DCD /* LoginTests.swift in Sources */ = {isa = PBXBuildFile; fileRef = A9371F7823602F6000045DCD /* LoginTests.swift */; };
		A9371F7B23602F6000045DCD /* Login.h in Headers */ = {isa = PBXBuildFile; fileRef = A9371F6D23602F6000045DCD /* Login.h */; settings = {ATTRIBUTES = (Public, ); }; };
		A96FE691237001930020721C /* SRouter.framework in Frameworks */ = {isa = PBXBuildFile; fileRef = A96FE690237001930020721C /* SRouter.framework */; };
		A96FE692237001930020721C /* SRouter.framework in Embed Frameworks */ = {isa = PBXBuildFile; fileRef = A96FE690237001930020721C /* SRouter.framework */; settings = {ATTRIBUTES = (CodeSignOnCopy, RemoveHeadersOnCopy, ); }; };
		A9EEF9292456DC88000695DC /* Base.framework in Frameworks */ = {isa = PBXBuildFile; fileRef = A9EEF9282456DC88000695DC /* Base.framework */; };
		A9EEF92A2456DC88000695DC /* Base.framework in Embed Frameworks */ = {isa = PBXBuildFile; fileRef = A9EEF9282456DC88000695DC /* Base.framework */; settings = {ATTRIBUTES = (CodeSignOnCopy, RemoveHeadersOnCopy, ); }; };
/* End PBXBuildFile section */

/* Begin PBXContainerItemProxy section */
		A9371F7523602F6000045DCD /* PBXContainerItemProxy */ = {
			isa = PBXContainerItemProxy;
			containerPortal = A9371F6123602F6000045DCD /* Project object */;
			proxyType = 1;
			remoteGlobalIDString = A9371F6923602F6000045DCD;
			remoteInfo = Login;
		};
/* End PBXContainerItemProxy section */

/* Begin PBXCopyFilesBuildPhase section */
		A939FEB7236AC95E004DF950 /* Embed Frameworks */ = {
			isa = PBXCopyFilesBuildPhase;
			buildActionMask = 2147483647;
			dstPath = "";
			dstSubfolderSpec = 10;
			files = (
				A96FE692237001930020721C /* SRouter.framework in Embed Frameworks */,
				A9EEF92A2456DC88000695DC /* Base.framework in Embed Frameworks */,
			);
			name = "Embed Frameworks";
			runOnlyForDeploymentPostprocessing = 0;
		};
/* End PBXCopyFilesBuildPhase section */

/* Begin PBXFileReference section */
		A9370CB7236056FF0050876C /* LoginViewController.swift */ = {isa = PBXFileReference; lastKnownFileType = sourcecode.swift; path = LoginViewController.swift; sourceTree = "<group>"; };
		A9370CB9236057170050876C /* LoginRouterInterface.swift */ = {isa = PBXFileReference; lastKnownFileType = sourcecode.swift; path = LoginRouterInterface.swift; sourceTree = "<group>"; };
		A9370CC9236146CE0050876C /* RegisterViewController.swift */ = {isa = PBXFileReference; lastKnownFileType = sourcecode.swift; path = RegisterViewController.swift; sourceTree = "<group>"; };
		A9370CCC236147040050876C /* RegisterRouterInterface.swift */ = {isa = PBXFileReference; lastKnownFileType = sourcecode.swift; path = RegisterRouterInterface.swift; sourceTree = "<group>"; };
		A9371F6A23602F6000045DCD /* Login.framework */ = {isa = PBXFileReference; explicitFileType = wrapper.framework; includeInIndex = 0; path = Login.framework; sourceTree = BUILT_PRODUCTS_DIR; };
		A9371F6D23602F6000045DCD /* Login.h */ = {isa = PBXFileReference; lastKnownFileType = sourcecode.c.h; path = Login.h; sourceTree = "<group>"; };
		A9371F6E23602F6000045DCD /* Info.plist */ = {isa = PBXFileReference; lastKnownFileType = text.plist.xml; path = Info.plist; sourceTree = "<group>"; };
		A9371F7323602F6000045DCD /* LoginTests.xctest */ = {isa = PBXFileReference; explicitFileType = wrapper.cfbundle; includeInIndex = 0; path = LoginTests.xctest; sourceTree = BUILT_PRODUCTS_DIR; };
		A9371F7823602F6000045DCD /* LoginTests.swift */ = {isa = PBXFileReference; lastKnownFileType = sourcecode.swift; path = LoginTests.swift; sourceTree = "<group>"; };
		A9371F7A23602F6000045DCD /* Info.plist */ = {isa = PBXFileReference; lastKnownFileType = text.plist.xml; path = Info.plist; sourceTree = "<group>"; };
		A939FEB4236AC95E004DF950 /* Base.framework */ = {isa = PBXFileReference; explicitFileType = wrapper.framework; path = Base.framework; sourceTree = BUILT_PRODUCTS_DIR; };
		A96FE690237001930020721C /* SRouter.framework */ = {isa = PBXFileReference; explicitFileType = wrapper.framework; path = SRouter.framework; sourceTree = BUILT_PRODUCTS_DIR; };
		A96FE695237010380020721C /* OCModule.framework */ = {isa = PBXFileReference; explicitFileType = wrapper.framework; path = OCModule.framework; sourceTree = BUILT_PRODUCTS_DIR; };
		A9EEF9282456DC88000695DC /* Base.framework */ = {isa = PBXFileReference; explicitFileType = wrapper.framework; path = Base.framework; sourceTree = BUILT_PRODUCTS_DIR; };
/* End PBXFileReference section */

/* Begin PBXFrameworksBuildPhase section */
		A9371F6723602F6000045DCD /* Frameworks */ = {
			isa = PBXFrameworksBuildPhase;
			buildActionMask = 2147483647;
			files = (
				A96FE691237001930020721C /* SRouter.framework in Frameworks */,
				A9EEF9292456DC88000695DC /* Base.framework in Frameworks */,
			);
			runOnlyForDeploymentPostprocessing = 0;
		};
		A9371F7023602F6000045DCD /* Frameworks */ = {
			isa = PBXFrameworksBuildPhase;
			buildActionMask = 2147483647;
			files = (
				A9371F7423602F6000045DCD /* Login.framework in Frameworks */,
			);
			runOnlyForDeploymentPostprocessing = 0;
		};
/* End PBXFrameworksBuildPhase section */

/* Begin PBXGroup section */
		A9370CC8236146BB0050876C /* Register */ = {
			isa = PBXGroup;
			children = (
				A9370CC9236146CE0050876C /* RegisterViewController.swift */,
				A9370CCC236147040050876C /* RegisterRouterInterface.swift */,
			);
			path = Register;
			sourceTree = "<group>";
		};
		A9370CCB236146E20050876C /* Login */ = {
			isa = PBXGroup;
			children = (
				A9370CB7236056FF0050876C /* LoginViewController.swift */,
				A9370CB9236057170050876C /* LoginRouterInterface.swift */,
			);
			path = Login;
			sourceTree = "<group>";
		};
		A9371F6023602F6000045DCD = {
			isa = PBXGroup;
			children = (
				A9371F6C23602F6000045DCD /* Login */,
				A9371F7723602F6000045DCD /* LoginTests */,
				A9371F6B23602F6000045DCD /* Products */,
				A939FEB3236AC95E004DF950 /* Frameworks */,
			);
			sourceTree = "<group>";
		};
		A9371F6B23602F6000045DCD /* Products */ = {
			isa = PBXGroup;
			children = (
				A9371F6A23602F6000045DCD /* Login.framework */,
				A9371F7323602F6000045DCD /* LoginTests.xctest */,
			);
			name = Products;
			sourceTree = "<group>";
		};
		A9371F6C23602F6000045DCD /* Login */ = {
			isa = PBXGroup;
			children = (
				A9370CCB236146E20050876C /* Login */,
				A9370CC8236146BB0050876C /* Register */,
				A9371F6D23602F6000045DCD /* Login.h */,
				A9371F6E23602F6000045DCD /* Info.plist */,
			);
			path = Login;
			sourceTree = "<group>";
		};
		A9371F7723602F6000045DCD /* LoginTests */ = {
			isa = PBXGroup;
			children = (
				A9371F7823602F6000045DCD /* LoginTests.swift */,
				A9371F7A23602F6000045DCD /* Info.plist */,
			);
			path = LoginTests;
			sourceTree = "<group>";
		};
		A939FEB3236AC95E004DF950 /* Frameworks */ = {
			isa = PBXGroup;
			children = (
				A9EEF9282456DC88000695DC /* Base.framework */,
				A96FE695237010380020721C /* OCModule.framework */,
				A96FE690237001930020721C /* SRouter.framework */,
				A939FEB4236AC95E004DF950 /* Base.framework */,
			);
			name = Frameworks;
			sourceTree = "<group>";
		};
/* End PBXGroup section */

/* Begin PBXHeadersBuildPhase section */
		A9371F6523602F6000045DCD /* Headers */ = {
			isa = PBXHeadersBuildPhase;
			buildActionMask = 2147483647;
			files = (
				A9371F7B23602F6000045DCD /* Login.h in Headers */,
			);
			runOnlyForDeploymentPostprocessing = 0;
		};
/* End PBXHeadersBuildPhase section */

/* Begin PBXNativeTarget section */
		A9371F6923602F6000045DCD /* Login */ = {
			isa = PBXNativeTarget;
			buildConfigurationList = A9371F7E23602F6000045DCD /* Build configuration list for PBXNativeTarget "Login" */;
			buildPhases = (
				A9371F6523602F6000045DCD /* Headers */,
				A9371F6623602F6000045DCD /* Sources */,
				A9371F6723602F6000045DCD /* Frameworks */,
				A9371F6823602F6000045DCD /* Resources */,
				A939FEB7236AC95E004DF950 /* Embed Frameworks */,
			);
			buildRules = (
			);
			dependencies = (
			);
			name = Login;
			productName = Login;
			productReference = A9371F6A23602F6000045DCD /* Login.framework */;
			productType = "com.apple.product-type.framework";
		};
		A9371F7223602F6000045DCD /* LoginTests */ = {
			isa = PBXNativeTarget;
			buildConfigurationList = A9371F8123602F6000045DCD /* Build configuration list for PBXNativeTarget "LoginTests" */;
			buildPhases = (
				A9371F6F23602F6000045DCD /* Sources */,
				A9371F7023602F6000045DCD /* Frameworks */,
				A9371F7123602F6000045DCD /* Resources */,
			);
			buildRules = (
			);
			dependencies = (
				A9371F7623602F6000045DCD /* PBXTargetDependency */,
			);
			name = LoginTests;
			productName = LoginTests;
			productReference = A9371F7323602F6000045DCD /* LoginTests.xctest */;
			productType = "com.apple.product-type.bundle.unit-test";
		};
/* End PBXNativeTarget section */

/* Begin PBXProject section */
		A9371F6123602F6000045DCD /* Project object */ = {
			isa = PBXProject;
			attributes = {
				LastSwiftUpdateCheck = 1110;
				LastUpgradeCheck = 1110;
				ORGANIZATIONNAME = jintao;
				TargetAttributes = {
					A9371F6923602F6000045DCD = {
						CreatedOnToolsVersion = 11.1;
						LastSwiftMigration = 1110;
					};
					A9371F7223602F6000045DCD = {
						CreatedOnToolsVersion = 11.1;
					};
				};
			};
			buildConfigurationList = A9371F6423602F6000045DCD /* Build configuration list for PBXProject "Login" */;
			compatibilityVersion = "Xcode 9.3";
			developmentRegion = en;
			hasScannedForEncodings = 0;
			knownRegions = (
				en,
				Base,
			);
			mainGroup = A9371F6023602F6000045DCD;
			productRefGroup = A9371F6B23602F6000045DCD /* Products */;
			projectDirPath = "";
			projectRoot = "";
			targets = (
				A9371F6923602F6000045DCD /* Login */,
				A9371F7223602F6000045DCD /* LoginTests */,
			);
		};
/* End PBXProject section */

/* Begin PBXResourcesBuildPhase section */
		A9371F6823602F6000045DCD /* Resources */ = {
			isa = PBXResourcesBuildPhase;
			buildActionMask = 2147483647;
			files = (
			);
			runOnlyForDeploymentPostprocessing = 0;
		};
		A9371F7123602F6000045DCD /* Resources */ = {
			isa = PBXResourcesBuildPhase;
			buildActionMask = 2147483647;
			files = (
			);
			runOnlyForDeploymentPostprocessing = 0;
		};
/* End PBXResourcesBuildPhase section */

/* Begin PBXSourcesBuildPhase section */
		A9371F6623602F6000045DCD /* Sources */ = {
			isa = PBXSourcesBuildPhase;
			buildActionMask = 2147483647;
			files = (
				A9370CBA236057170050876C /* LoginRouterInterface.swift in Sources */,
				A9370CCA236146CE0050876C /* RegisterViewController.swift in Sources */,
				A9370CB8236056FF0050876C /* LoginViewController.swift in Sources */,
				A9370CCD236147040050876C /* RegisterRouterInterface.swift in Sources */,
			);
			runOnlyForDeploymentPostprocessing = 0;
		};
		A9371F6F23602F6000045DCD /* Sources */ = {
			isa = PBXSourcesBuildPhase;
			buildActionMask = 2147483647;
			files = (
				A9371F7923602F6000045DCD /* LoginTests.swift in Sources */,
			);
			runOnlyForDeploymentPostprocessing = 0;
		};
/* End PBXSourcesBuildPhase section */

/* Begin PBXTargetDependency section */
		A9371F7623602F6000045DCD /* PBXTargetDependency */ = {
			isa = PBXTargetDependency;
			target = A9371F6923602F6000045DCD /* Login */;
			targetProxy = A9371F7523602F6000045DCD /* PBXContainerItemProxy */;
		};
/* End PBXTargetDependency section */

/* Begin XCBuildConfiguration section */
		A9371F7C23602F6000045DCD /* Debug */ = {
			isa = XCBuildConfiguration;
			buildSettings = {
				ALWAYS_SEARCH_USER_PATHS = NO;
				CLANG_ANALYZER_NONNULL = YES;
				CLANG_ANALYZER_NUMBER_OBJECT_CONVERSION = YES_AGGRESSIVE;
				CLANG_CXX_LANGUAGE_STANDARD = "gnu++14";
				CLANG_CXX_LIBRARY = "libc++";
				CLANG_ENABLE_MODULES = YES;
				CLANG_ENABLE_OBJC_ARC = YES;
				CLANG_ENABLE_OBJC_WEAK = YES;
				CLANG_WARN_BLOCK_CAPTURE_AUTORELEASING = YES;
				CLANG_WARN_BOOL_CONVERSION = YES;
				CLANG_WARN_COMMA = YES;
				CLANG_WARN_CONSTANT_CONVERSION = YES;
				CLANG_WARN_DEPRECATED_OBJC_IMPLEMENTATIONS = YES;
				CLANG_WARN_DIRECT_OBJC_ISA_USAGE = YES_ERROR;
				CLANG_WARN_DOCUMENTATION_COMMENTS = YES;
				CLANG_WARN_EMPTY_BODY = YES;
				CLANG_WARN_ENUM_CONVERSION = YES;
				CLANG_WARN_INFINITE_RECURSION = YES;
				CLANG_WARN_INT_CONVERSION = YES;
				CLANG_WARN_NON_LITERAL_NULL_CONVERSION = YES;
				CLANG_WARN_OBJC_IMPLICIT_RETAIN_SELF = YES;
				CLANG_WARN_OBJC_LITERAL_CONVERSION = YES;
				CLANG_WARN_OBJC_ROOT_CLASS = YES_ERROR;
				CLANG_WARN_RANGE_LOOP_ANALYSIS = YES;
				CLANG_WARN_STRICT_PROTOTYPES = YES;
				CLANG_WARN_SUSPICIOUS_MOVE = YES;
				CLANG_WARN_UNGUARDED_AVAILABILITY = YES_AGGRESSIVE;
				CLANG_WARN_UNREACHABLE_CODE = YES;
				CLANG_WARN__DUPLICATE_METHOD_MATCH = YES;
				COPY_PHASE_STRIP = NO;
				CURRENT_PROJECT_VERSION = 1;
				DEBUG_INFORMATION_FORMAT = dwarf;
				ENABLE_STRICT_OBJC_MSGSEND = YES;
				ENABLE_TESTABILITY = YES;
				GCC_C_LANGUAGE_STANDARD = gnu11;
				GCC_DYNAMIC_NO_PIC = NO;
				GCC_NO_COMMON_BLOCKS = YES;
				GCC_OPTIMIZATION_LEVEL = 0;
				GCC_PREPROCESSOR_DEFINITIONS = (
					"DEBUG=1",
					"$(inherited)",
				);
				GCC_WARN_64_TO_32_BIT_CONVERSION = YES;
				GCC_WARN_ABOUT_RETURN_TYPE = YES_ERROR;
				GCC_WARN_UNDECLARED_SELECTOR = YES;
				GCC_WARN_UNINITIALIZED_AUTOS = YES_AGGRESSIVE;
				GCC_WARN_UNUSED_FUNCTION = YES;
				GCC_WARN_UNUSED_VARIABLE = YES;
				IPHONEOS_DEPLOYMENT_TARGET = 10.0;
				MTL_ENABLE_DEBUG_INFO = INCLUDE_SOURCE;
				MTL_FAST_MATH = YES;
				ONLY_ACTIVE_ARCH = YES;
				SDKROOT = iphoneos;
				SWIFT_ACTIVE_COMPILATION_CONDITIONS = DEBUG;
				SWIFT_OPTIMIZATION_LEVEL = "-Onone";
				VERSIONING_SYSTEM = "apple-generic";
				VERSION_INFO_PREFIX = "";
			};
			name = Debug;
		};
		A9371F7D23602F6000045DCD /* Release */ = {
			isa = XCBuildConfiguration;
			buildSettings = {
				ALWAYS_SEARCH_USER_PATHS = NO;
				CLANG_ANALYZER_NONNULL = YES;
				CLANG_ANALYZER_NUMBER_OBJECT_CONVERSION = YES_AGGRESSIVE;
				CLANG_CXX_LANGUAGE_STANDARD = "gnu++14";
				CLANG_CXX_LIBRARY = "libc++";
				CLANG_ENABLE_MODULES = YES;
				CLANG_ENABLE_OBJC_ARC = YES;
				CLANG_ENABLE_OBJC_WEAK = YES;
				CLANG_WARN_BLOCK_CAPTURE_AUTORELEASING = YES;
				CLANG_WARN_BOOL_CONVERSION = YES;
				CLANG_WARN_COMMA = YES;
				CLANG_WARN_CONSTANT_CONVERSION = YES;
				CLANG_WARN_DEPRECATED_OBJC_IMPLEMENTATIONS = YES;
				CLANG_WARN_DIRECT_OBJC_ISA_USAGE = YES_ERROR;
				CLANG_WARN_DOCUMENTATION_COMMENTS = YES;
				CLANG_WARN_EMPTY_BODY = YES;
				CLANG_WARN_ENUM_CONVERSION = YES;
				CLANG_WARN_INFINITE_RECURSION = YES;
				CLANG_WARN_INT_CONVERSION = YES;
				CLANG_WARN_NON_LITERAL_NULL_CONVERSION = YES;
				CLANG_WARN_OBJC_IMPLICIT_RETAIN_SELF = YES;
				CLANG_WARN_OBJC_LITERAL_CONVERSION = YES;
				CLANG_WARN_OBJC_ROOT_CLASS = YES_ERROR;
				CLANG_WARN_RANGE_LOOP_ANALYSIS = YES;
				CLANG_WARN_STRICT_PROTOTYPES = YES;
				CLANG_WARN_SUSPICIOUS_MOVE = YES;
				CLANG_WARN_UNGUARDED_AVAILABILITY = YES_AGGRESSIVE;
				CLANG_WARN_UNREACHABLE_CODE = YES;
				CLANG_WARN__DUPLICATE_METHOD_MATCH = YES;
				COPY_PHASE_STRIP = NO;
				CURRENT_PROJECT_VERSION = 1;
				DEBUG_INFORMATION_FORMAT = "dwarf-with-dsym";
				ENABLE_NS_ASSERTIONS = NO;
				ENABLE_STRICT_OBJC_MSGSEND = YES;
				GCC_C_LANGUAGE_STANDARD = gnu11;
				GCC_NO_COMMON_BLOCKS = YES;
				GCC_WARN_64_TO_32_BIT_CONVERSION = YES;
				GCC_WARN_ABOUT_RETURN_TYPE = YES_ERROR;
				GCC_WARN_UNDECLARED_SELECTOR = YES;
				GCC_WARN_UNINITIALIZED_AUTOS = YES_AGGRESSIVE;
				GCC_WARN_UNUSED_FUNCTION = YES;
				GCC_WARN_UNUSED_VARIABLE = YES;
				IPHONEOS_DEPLOYMENT_TARGET = 10.0;
				MTL_ENABLE_DEBUG_INFO = NO;
				MTL_FAST_MATH = YES;
				SDKROOT = iphoneos;
				SWIFT_COMPILATION_MODE = wholemodule;
				SWIFT_OPTIMIZATION_LEVEL = "-O";
				VALIDATE_PRODUCT = YES;
				VERSIONING_SYSTEM = "apple-generic";
				VERSION_INFO_PREFIX = "";
			};
			name = Release;
		};
		A9371F7F23602F6000045DCD /* Debug */ = {
			isa = XCBuildConfiguration;
			buildSettings = {
				CLANG_ENABLE_MODULES = YES;
				CODE_SIGN_STYLE = Automatic;
				DEFINES_MODULE = YES;
				DEVELOPMENT_TEAM = 8HX9UN9S6G;
				DYLIB_COMPATIBILITY_VERSION = 1;
				DYLIB_CURRENT_VERSION = 1;
				DYLIB_INSTALL_NAME_BASE = "@rpath";
				EXPORTED_SYMBOLS_FILE = "";
				INFOPLIST_FILE = Login/Info.plist;
				INSTALL_PATH = "$(LOCAL_LIBRARY_DIR)/Frameworks";
				LD_RUNPATH_SEARCH_PATHS = (
					"$(inherited)",
					"@executable_path/Frameworks",
					"@loader_path/Frameworks",
				);
				ORDER_FILE = "";
				PRODUCT_BUNDLE_IDENTIFIER = jin.Login;
				PRODUCT_NAME = "$(TARGET_NAME:c99extidentifier)";
				SEPARATE_SYMBOL_EDIT = NO;
				SKIP_INSTALL = YES;
				SWIFT_OPTIMIZATION_LEVEL = "-Onone";
				SWIFT_VERSION = 5.0;
				TARGETED_DEVICE_FAMILY = "1,2";
				UNEXPORTED_SYMBOLS_FILE = "";
			};
			name = Debug;
		};
		A9371F8023602F6000045DCD /* Release */ = {
			isa = XCBuildConfiguration;
			buildSettings = {
				CLANG_ENABLE_MODULES = YES;
				CODE_SIGN_STYLE = Automatic;
				DEFINES_MODULE = YES;
				DEVELOPMENT_TEAM = 8HX9UN9S6G;
				DYLIB_COMPATIBILITY_VERSION = 1;
				DYLIB_CURRENT_VERSION = 1;
				DYLIB_INSTALL_NAME_BASE = "@rpath";
				EXPORTED_SYMBOLS_FILE = "";
				INFOPLIST_FILE = Login/Info.plist;
				INSTALL_PATH = "$(LOCAL_LIBRARY_DIR)/Frameworks";
				LD_RUNPATH_SEARCH_PATHS = (
					"$(inherited)",
					"@executable_path/Frameworks",
					"@loader_path/Frameworks",
				);
				ORDER_FILE = "";
				PRODUCT_BUNDLE_IDENTIFIER = jin.Login;
				PRODUCT_NAME = "$(TARGET_NAME:c99extidentifier)";
				SEPARATE_SYMBOL_EDIT = NO;
				SKIP_INSTALL = YES;
				SWIFT_VERSION = 5.0;
				TARGETED_DEVICE_FAMILY = "1,2";
				UNEXPORTED_SYMBOLS_FILE = "";
			};
			name = Release;
		};
		A9371F8223602F6000045DCD /* Debug */ = {
			isa = XCBuildConfiguration;
			buildSettings = {
				ALWAYS_EMBED_SWIFT_STANDARD_LIBRARIES = YES;
				CODE_SIGN_STYLE = Automatic;
				DEVELOPMENT_TEAM = 8HX9UN9S6G;
				INFOPLIST_FILE = LoginTests/Info.plist;
				LD_RUNPATH_SEARCH_PATHS = (
					"$(inherited)",
					"@executable_path/Frameworks",
					"@loader_path/Frameworks",
				);
				PRODUCT_BUNDLE_IDENTIFIER = jin.LoginTests;
				PRODUCT_NAME = "$(TARGET_NAME)";
				SWIFT_VERSION = 5.0;
				TARGETED_DEVICE_FAMILY = "1,2";
			};
			name = Debug;
		};
		A9371F8323602F6000045DCD /* Release */ = {
			isa = XCBuildConfiguration;
			buildSettings = {
				ALWAYS_EMBED_SWIFT_STANDARD_LIBRARIES = YES;
				CODE_SIGN_STYLE = Automatic;
				DEVELOPMENT_TEAM = 8HX9UN9S6G;
				INFOPLIST_FILE = LoginTests/Info.plist;
				LD_RUNPATH_SEARCH_PATHS = (
					"$(inherited)",
					"@executable_path/Frameworks",
					"@loader_path/Frameworks",
				);
				PRODUCT_BUNDLE_IDENTIFIER = jin.LoginTests;
				PRODUCT_NAME = "$(TARGET_NAME)";
				SWIFT_VERSION = 5.0;
				TARGETED_DEVICE_FAMILY = "1,2";
			};
			name = Release;
		};
/* End XCBuildConfiguration section */

/* Begin XCConfigurationList section */
		A9371F6423602F6000045DCD /* Build configuration list for PBXProject "Login" */ = {
			isa = XCConfigurationList;
			buildConfigurations = (
				A9371F7C23602F6000045DCD /* Debug */,
				A9371F7D23602F6000045DCD /* Release */,
			);
			defaultConfigurationIsVisible = 0;
			defaultConfigurationName = Release;
		};
		A9371F7E23602F6000045DCD /* Build configuration list for PBXNativeTarget "Login" */ = {
			isa = XCConfigurationList;
			buildConfigurations = (
				A9371F7F23602F6000045DCD /* Debug */,
				A9371F8023602F6000045DCD /* Release */,
			);
			defaultConfigurationIsVisible = 0;
			defaultConfigurationName = Release;
		};
		A9371F8123602F6000045DCD /* Build configuration list for PBXNativeTarget "LoginTests" */ = {
			isa = XCConfigurationList;
			buildConfigurations = (
				A9371F8223602F6000045DCD /* Debug */,
				A9371F8323602F6000045DCD /* Release */,
			);
			defaultConfigurationIsVisible = 0;
			defaultConfigurationName = Release;
		};
/* End XCConfigurationList section */
	};
	rootObject = A9371F6123602F6000045DCD /* Project object */;
}
