// !$*UTF8*$!
{
	archiveVersion = 1;
	classes = {
	};
	objectVersion = 50;
	objects = {

/* Begin PBXBuildFile section */
		A92AA6AD236BDC81004B9ECD /* SRouter.framework in Frameworks */ = {isa = PBXBuildFile; fileRef = A92AA6A3236BDC81004B9ECD /* SRouter.framework */; };
		A92AA6B2236BDC81004B9ECD /* SRouterTests.swift in Sources */ = {isa = PBXBuildFile; fileRef = A92AA6B1236BDC81004B9ECD /* SRouterTests.swift */; };
		A92AA6B4236BDC81004B9ECD /* SRouter.h in Headers */ = {isa = PBXBuildFile; fileRef = A92AA6A6236BDC81004B9ECD /* SRouter.h */; settings = {ATTRIBUTES = (Public, ); }; };
		A92AA6C8236BDD26004B9ECD /* SRouterManager+Runtime.swift in Sources */ = {isa = PBXBuildFile; fileRef = A92AA6C1236BDD26004B9ECD /* SRouterManager+Runtime.swift */; };
		A92AA6C9236BDD26004B9ECD /* SRouterHelper.swift in Sources */ = {isa = PBXBuildFile; fileRef = A92AA6C2236BDD26004B9ECD /* SRouterHelper.swift */; };
		A92AA6CA236BDD26004B9ECD /* SRouterLock.swift in Sources */ = {isa = PBXBuildFile; fileRef = A92AA6C3236BDD26004B9ECD /* SRouterLock.swift */; };
		A92AA6CB236BDD26004B9ECD /* SRouterSILFunction.swift in Sources */ = {isa = PBXBuildFile; fileRef = A92AA6C4236BDD26004B9ECD /* SRouterSILFunction.swift */; };
		A92AA6CC236BDD26004B9ECD /* SRouterLog.swift in Sources */ = {isa = PBXBuildFile; fileRef = A92AA6C5236BDD26004B9ECD /* SRouterLog.swift */; };
		A92AA6CD236BDD26004B9ECD /* SRouterManager.swift in Sources */ = {isa = PBXBuildFile; fileRef = A92AA6C6236BDD26004B9ECD /* SRouterManager.swift */; };
		A92AA6CE236BDD26004B9ECD /* SRouterLookup.swift in Sources */ = {isa = PBXBuildFile; fileRef = A92AA6C7236BDD26004B9ECD /* SRouterLookup.swift */; };
		A96FE68D236FFBBD0020721C /* SRouterManager+OC.swift in Sources */ = {isa = PBXBuildFile; fileRef = A96FE68C236FFBBD0020721C /* SRouterManager+OC.swift */; };
		A96FE68F236FFC900020721C /* SRouterFunction+OC.swift in Sources */ = {isa = PBXBuildFile; fileRef = A96FE68E236FFC900020721C /* SRouterFunction+OC.swift */; };
/* End PBXBuildFile section */

/* Begin PBXContainerItemProxy section */
		A92AA6AE236BDC81004B9ECD /* PBXContainerItemProxy */ = {
			isa = PBXContainerItemProxy;
			containerPortal = A92AA69A236BDC81004B9ECD /* Project object */;
			proxyType = 1;
			remoteGlobalIDString = A92AA6A2236BDC81004B9ECD;
			remoteInfo = SRouter;
		};
/* End PBXContainerItemProxy section */

/* Begin PBXFileReference section */
		A92AA6A3236BDC81004B9ECD /* SRouter.framework */ = {isa = PBXFileReference; explicitFileType = wrapper.framework; includeInIndex = 0; path = SRouter.framework; sourceTree = BUILT_PRODUCTS_DIR; };
		A92AA6A6236BDC81004B9ECD /* SRouter.h */ = {isa = PBXFileReference; lastKnownFileType = sourcecode.c.h; path = SRouter.h; sourceTree = "<group>"; };
		A92AA6A7236BDC81004B9ECD /* Info.plist */ = {isa = PBXFileReference; lastKnownFileType = text.plist.xml; path = Info.plist; sourceTree = "<group>"; };
		A92AA6AC236BDC81004B9ECD /* SRouterTests.xctest */ = {isa = PBXFileReference; explicitFileType = wrapper.cfbundle; includeInIndex = 0; path = SRouterTests.xctest; sourceTree = BUILT_PRODUCTS_DIR; };
		A92AA6B1236BDC81004B9ECD /* SRouterTests.swift */ = {isa = PBXFileReference; lastKnownFileType = sourcecode.swift; path = SRouterTests.swift; sourceTree = "<group>"; };
		A92AA6B3236BDC81004B9ECD /* Info.plist */ = {isa = PBXFileReference; lastKnownFileType = text.plist.xml; path = Info.plist; sourceTree = "<group>"; };
		A92AA6C1236BDD26004B9ECD /* SRouterManager+Runtime.swift */ = {isa = PBXFileReference; fileEncoding = 4; lastKnownFileType = sourcecode.swift; path = "SRouterManager+Runtime.swift"; sourceTree = "<group>"; };
		A92AA6C2236BDD26004B9ECD /* SRouterHelper.swift */ = {isa = PBXFileReference; fileEncoding = 4; lastKnownFileType = sourcecode.swift; path = SRouterHelper.swift; sourceTree = "<group>"; };
		A92AA6C3236BDD26004B9ECD /* SRouterLock.swift */ = {isa = PBXFileReference; fileEncoding = 4; lastKnownFileType = sourcecode.swift; path = SRouterLock.swift; sourceTree = "<group>"; };
		A92AA6C4236BDD26004B9ECD /* SRouterSILFunction.swift */ = {isa = PBXFileReference; fileEncoding = 4; lastKnownFileType = sourcecode.swift; path = SRouterSILFunction.swift; sourceTree = "<group>"; };
		A92AA6C5236BDD26004B9ECD /* SRouterLog.swift */ = {isa = PBXFileReference; fileEncoding = 4; lastKnownFileType = sourcecode.swift; path = SRouterLog.swift; sourceTree = "<group>"; };
		A92AA6C6236BDD26004B9ECD /* SRouterManager.swift */ = {isa = PBXFileReference; fileEncoding = 4; lastKnownFileType = sourcecode.swift; path = SRouterManager.swift; sourceTree = "<group>"; };
		A92AA6C7236BDD26004B9ECD /* SRouterLookup.swift */ = {isa = PBXFileReference; fileEncoding = 4; lastKnownFileType = sourcecode.swift; path = SRouterLookup.swift; sourceTree = "<group>"; };
		A96FE68C236FFBBD0020721C /* SRouterManager+OC.swift */ = {isa = PBXFileReference; lastKnownFileType = sourcecode.swift; path = "SRouterManager+OC.swift"; sourceTree = "<group>"; };
		A96FE68E236FFC900020721C /* SRouterFunction+OC.swift */ = {isa = PBXFileReference; lastKnownFileType = sourcecode.swift; path = "SRouterFunction+OC.swift"; sourceTree = "<group>"; };
/* End PBXFileReference section */

/* Begin PBXFrameworksBuildPhase section */
		A92AA6A0236BDC81004B9ECD /* Frameworks */ = {
			isa = PBXFrameworksBuildPhase;
			buildActionMask = 2147483647;
			files = (
			);
			runOnlyForDeploymentPostprocessing = 0;
		};
		A92AA6A9236BDC81004B9ECD /* Frameworks */ = {
			isa = PBXFrameworksBuildPhase;
			buildActionMask = 2147483647;
			files = (
				A92AA6AD236BDC81004B9ECD /* SRouter.framework in Frameworks */,
			);
			runOnlyForDeploymentPostprocessing = 0;
		};
/* End PBXFrameworksBuildPhase section */

/* Begin PBXGroup section */
		A92AA699236BDC81004B9ECD = {
			isa = PBXGroup;
			children = (
				A92AA6A5236BDC81004B9ECD /* SRouter */,
				A92AA6B0236BDC81004B9ECD /* SRouterTests */,
				A92AA6A4236BDC81004B9ECD /* Products */,
			);
			sourceTree = "<group>";
		};
		A92AA6A4236BDC81004B9ECD /* Products */ = {
			isa = PBXGroup;
			children = (
				A92AA6A3236BDC81004B9ECD /* SRouter.framework */,
				A92AA6AC236BDC81004B9ECD /* SRouterTests.xctest */,
			);
			name = Products;
			sourceTree = "<group>";
		};
		A92AA6A5236BDC81004B9ECD /* SRouter */ = {
			isa = PBXGroup;
			children = (
				A92AA6C0236BDD26004B9ECD /* Sources */,
				A92AA6A6236BDC81004B9ECD /* SRouter.h */,
				A92AA6A7236BDC81004B9ECD /* Info.plist */,
			);
			path = SRouter;
			sourceTree = "<group>";
		};
		A92AA6B0236BDC81004B9ECD /* SRouterTests */ = {
			isa = PBXGroup;
			children = (
				A92AA6B1236BDC81004B9ECD /* SRouterTests.swift */,
				A92AA6B3236BDC81004B9ECD /* Info.plist */,
			);
			path = SRouterTests;
			sourceTree = "<group>";
		};
		A92AA6C0236BDD26004B9ECD /* Sources */ = {
			isa = PBXGroup;
			children = (
				A92AA6C6236BDD26004B9ECD /* SRouterManager.swift */,
				A92AA6C7236BDD26004B9ECD /* SRouterLookup.swift */,
				A92AA6C4236BDD26004B9ECD /* SRouterSILFunction.swift */,
				A92AA6C2236BDD26004B9ECD /* SRouterHelper.swift */,
				A92AA6C3236BDD26004B9ECD /* SRouterLock.swift */,
				A92AA6C5236BDD26004B9ECD /* SRouterLog.swift */,
				A92AA6C1236BDD26004B9ECD /* SRouterManager+Runtime.swift */,
				A96FE68B236FFB980020721C /* SRouter+OC */,
			);
			path = Sources;
			sourceTree = "<group>";
		};
		A96FE68B236FFB980020721C /* SRouter+OC */ = {
			isa = PBXGroup;
			children = (
				A96FE68C236FFBBD0020721C /* SRouterManager+OC.swift */,
				A96FE68E236FFC900020721C /* SRouterFunction+OC.swift */,
			);
			path = "SRouter+OC";
			sourceTree = "<group>";
		};
/* End PBXGroup section */

/* Begin PBXHeadersBuildPhase section */
		A92AA69E236BDC81004B9ECD /* Headers */ = {
			isa = PBXHeadersBuildPhase;
			buildActionMask = 2147483647;
			files = (
				A92AA6B4236BDC81004B9ECD /* SRouter.h in Headers */,
			);
			runOnlyForDeploymentPostprocessing = 0;
		};
/* End PBXHeadersBuildPhase section */

/* Begin PBXNativeTarget section */
		A92AA6A2236BDC81004B9ECD /* SRouter */ = {
			isa = PBXNativeTarget;
			buildConfigurationList = A92AA6B7236BDC81004B9ECD /* Build configuration list for PBXNativeTarget "SRouter" */;
			buildPhases = (
				A92AA69E236BDC81004B9ECD /* Headers */,
				A92AA69F236BDC81004B9ECD /* Sources */,
				A92AA6A0236BDC81004B9ECD /* Frameworks */,
				A92AA6A1236BDC81004B9ECD /* Resources */,
			);
			buildRules = (
			);
			dependencies = (
			);
			name = SRouter;
			productName = SRouter;
			productReference = A92AA6A3236BDC81004B9ECD /* SRouter.framework */;
			productType = "com.apple.product-type.framework";
		};
		A92AA6AB236BDC81004B9ECD /* SRouterTests */ = {
			isa = PBXNativeTarget;
			buildConfigurationList = A92AA6BA236BDC81004B9ECD /* Build configuration list for PBXNativeTarget "SRouterTests" */;
			buildPhases = (
				A92AA6A8236BDC81004B9ECD /* Sources */,
				A92AA6A9236BDC81004B9ECD /* Frameworks */,
				A92AA6AA236BDC81004B9ECD /* Resources */,
			);
			buildRules = (
			);
			dependencies = (
				A92AA6AF236BDC81004B9ECD /* PBXTargetDependency */,
			);
			name = SRouterTests;
			productName = SRouterTests;
			productReference = A92AA6AC236BDC81004B9ECD /* SRouterTests.xctest */;
			productType = "com.apple.product-type.bundle.unit-test";
		};
/* End PBXNativeTarget section */

/* Begin PBXProject section */
		A92AA69A236BDC81004B9ECD /* Project object */ = {
			isa = PBXProject;
			attributes = {
				LastSwiftUpdateCheck = 1110;
				LastUpgradeCheck = 1110;
				ORGANIZATIONNAME = jintao;
				TargetAttributes = {
					A92AA6A2236BDC81004B9ECD = {
						CreatedOnToolsVersion = 11.1;
					};
					A92AA6AB236BDC81004B9ECD = {
						CreatedOnToolsVersion = 11.1;
					};
				};
			};
			buildConfigurationList = A92AA69D236BDC81004B9ECD /* Build configuration list for PBXProject "SRouter" */;
			compatibilityVersion = "Xcode 9.3";
			developmentRegion = en;
			hasScannedForEncodings = 0;
			knownRegions = (
				en,
				Base,
			);
			mainGroup = A92AA699236BDC81004B9ECD;
			productRefGroup = A92AA6A4236BDC81004B9ECD /* Products */;
			projectDirPath = "";
			projectRoot = "";
			targets = (
				A92AA6A2236BDC81004B9ECD /* SRouter */,
				A92AA6AB236BDC81004B9ECD /* SRouterTests */,
			);
		};
/* End PBXProject section */

/* Begin PBXResourcesBuildPhase section */
		A92AA6A1236BDC81004B9ECD /* Resources */ = {
			isa = PBXResourcesBuildPhase;
			buildActionMask = 2147483647;
			files = (
			);
			runOnlyForDeploymentPostprocessing = 0;
		};
		A92AA6AA236BDC81004B9ECD /* Resources */ = {
			isa = PBXResourcesBuildPhase;
			buildActionMask = 2147483647;
			files = (
			);
			runOnlyForDeploymentPostprocessing = 0;
		};
/* End PBXResourcesBuildPhase section */

/* Begin PBXSourcesBuildPhase section */
		A92AA69F236BDC81004B9ECD /* Sources */ = {
			isa = PBXSourcesBuildPhase;
			buildActionMask = 2147483647;
			files = (
				A96FE68F236FFC900020721C /* SRouterFunction+OC.swift in Sources */,
				A92AA6CA236BDD26004B9ECD /* SRouterLock.swift in Sources */,
				A92AA6CB236BDD26004B9ECD /* SRouterSILFunction.swift in Sources */,
				A92AA6CC236BDD26004B9ECD /* SRouterLog.swift in Sources */,
				A92AA6CE236BDD26004B9ECD /* SRouterLookup.swift in Sources */,
				A92AA6C9236BDD26004B9ECD /* SRouterHelper.swift in Sources */,
				A92AA6CD236BDD26004B9ECD /* SRouterManager.swift in Sources */,
				A96FE68D236FFBBD0020721C /* SRouterManager+OC.swift in Sources */,
				A92AA6C8236BDD26004B9ECD /* SRouterManager+Runtime.swift in Sources */,
			);
			runOnlyForDeploymentPostprocessing = 0;
		};
		A92AA6A8236BDC81004B9ECD /* Sources */ = {
			isa = PBXSourcesBuildPhase;
			buildActionMask = 2147483647;
			files = (
				A92AA6B2236BDC81004B9ECD /* SRouterTests.swift in Sources */,
			);
			runOnlyForDeploymentPostprocessing = 0;
		};
/* End PBXSourcesBuildPhase section */

/* Begin PBXTargetDependency section */
		A92AA6AF236BDC81004B9ECD /* PBXTargetDependency */ = {
			isa = PBXTargetDependency;
			target = A92AA6A2236BDC81004B9ECD /* SRouter */;
			targetProxy = A92AA6AE236BDC81004B9ECD /* PBXContainerItemProxy */;
		};
/* End PBXTargetDependency section */

/* Begin XCBuildConfiguration section */
		A92AA6B5236BDC81004B9ECD /* Debug */ = {
			isa = XCBuildConfiguration;
			buildSettings = {
				ALWAYS_SEARCH_USER_PATHS = NO;
				CLANG_ANALYZER_NONNULL = YES;
				CLANG_ANALYZER_NUMBER_OBJECT_CONVERSION = YES_AGGRESSIVE;
				CLANG_CXX_LANGUAGE_STANDARD = "gnu++14";
				CLANG_CXX_LIBRARY = "libc++";
				CLANG_ENABLE_MODULES = YES;
				CLANG_ENABLE_OBJC_ARC = YES;
				CLANG_ENABLE_OBJC_WEAK = YES;
				CLANG_WARN_BLOCK_CAPTURE_AUTORELEASING = YES;
				CLANG_WARN_BOOL_CONVERSION = YES;
				CLANG_WARN_COMMA = YES;
				CLANG_WARN_CONSTANT_CONVERSION = YES;
				CLANG_WARN_DEPRECATED_OBJC_IMPLEMENTATIONS = YES;
				CLANG_WARN_DIRECT_OBJC_ISA_USAGE = YES_ERROR;
				CLANG_WARN_DOCUMENTATION_COMMENTS = YES;
				CLANG_WARN_EMPTY_BODY = YES;
				CLANG_WARN_ENUM_CONVERSION = YES;
				CLANG_WARN_INFINITE_RECURSION = YES;
				CLANG_WARN_INT_CONVERSION = YES;
				CLANG_WARN_NON_LITERAL_NULL_CONVERSION = YES;
				CLANG_WARN_OBJC_IMPLICIT_RETAIN_SELF = YES;
				CLANG_WARN_OBJC_LITERAL_CONVERSION = YES;
				CLANG_WARN_OBJC_ROOT_CLASS = YES_ERROR;
				CLANG_WARN_RANGE_LOOP_ANALYSIS = YES;
				CLANG_WARN_STRICT_PROTOTYPES = YES;
				CLANG_WARN_SUSPICIOUS_MOVE = YES;
				CLANG_WARN_UNGUARDED_AVAILABILITY = YES_AGGRESSIVE;
				CLANG_WARN_UNREACHABLE_CODE = YES;
				CLANG_WARN__DUPLICATE_METHOD_MATCH = YES;
				COPY_PHASE_STRIP = NO;
				CURRENT_PROJECT_VERSION = 1;
				DEBUG_INFORMATION_FORMAT = dwarf;
				ENABLE_STRICT_OBJC_MSGSEND = YES;
				ENABLE_TESTABILITY = YES;
				GCC_C_LANGUAGE_STANDARD = gnu11;
				GCC_DYNAMIC_NO_PIC = NO;
				GCC_NO_COMMON_BLOCKS = YES;
				GCC_OPTIMIZATION_LEVEL = 0;
				GCC_PREPROCESSOR_DEFINITIONS = (
					"DEBUG=1",
					"$(inherited)",
				);
				GCC_WARN_64_TO_32_BIT_CONVERSION = YES;
				GCC_WARN_ABOUT_RETURN_TYPE = YES_ERROR;
				GCC_WARN_UNDECLARED_SELECTOR = YES;
				GCC_WARN_UNINITIALIZED_AUTOS = YES_AGGRESSIVE;
				GCC_WARN_UNUSED_FUNCTION = YES;
				GCC_WARN_UNUSED_VARIABLE = YES;
				IPHONEOS_DEPLOYMENT_TARGET = 10.0;
				MTL_ENABLE_DEBUG_INFO = INCLUDE_SOURCE;
				MTL_FAST_MATH = YES;
				ONLY_ACTIVE_ARCH = YES;
				SDKROOT = iphoneos;
				SWIFT_ACTIVE_COMPILATION_CONDITIONS = DEBUG;
				SWIFT_OPTIMIZATION_LEVEL = "-Onone";
				VERSIONING_SYSTEM = "apple-generic";
				VERSION_INFO_PREFIX = "";
			};
			name = Debug;
		};
		A92AA6B6236BDC81004B9ECD /* Release */ = {
			isa = XCBuildConfiguration;
			buildSettings = {
				ALWAYS_SEARCH_USER_PATHS = NO;
				CLANG_ANALYZER_NONNULL = YES;
				CLANG_ANALYZER_NUMBER_OBJECT_CONVERSION = YES_AGGRESSIVE;
				CLANG_CXX_LANGUAGE_STANDARD = "gnu++14";
				CLANG_CXX_LIBRARY = "libc++";
				CLANG_ENABLE_MODULES = YES;
				CLANG_ENABLE_OBJC_ARC = YES;
				CLANG_ENABLE_OBJC_WEAK = YES;
				CLANG_WARN_BLOCK_CAPTURE_AUTORELEASING = YES;
				CLANG_WARN_BOOL_CONVERSION = YES;
				CLANG_WARN_COMMA = YES;
				CLANG_WARN_CONSTANT_CONVERSION = YES;
				CLANG_WARN_DEPRECATED_OBJC_IMPLEMENTATIONS = YES;
				CLANG_WARN_DIRECT_OBJC_ISA_USAGE = YES_ERROR;
				CLANG_WARN_DOCUMENTATION_COMMENTS = YES;
				CLANG_WARN_EMPTY_BODY = YES;
				CLANG_WARN_ENUM_CONVERSION = YES;
				CLANG_WARN_INFINITE_RECURSION = YES;
				CLANG_WARN_INT_CONVERSION = YES;
				CLANG_WARN_NON_LITERAL_NULL_CONVERSION = YES;
				CLANG_WARN_OBJC_IMPLICIT_RETAIN_SELF = YES;
				CLANG_WARN_OBJC_LITERAL_CONVERSION = YES;
				CLANG_WARN_OBJC_ROOT_CLASS = YES_ERROR;
				CLANG_WARN_RANGE_LOOP_ANALYSIS = YES;
				CLANG_WARN_STRICT_PROTOTYPES = YES;
				CLANG_WARN_SUSPICIOUS_MOVE = YES;
				CLANG_WARN_UNGUARDED_AVAILABILITY = YES_AGGRESSIVE;
				CLANG_WARN_UNREACHABLE_CODE = YES;
				CLANG_WARN__DUPLICATE_METHOD_MATCH = YES;
				COPY_PHASE_STRIP = NO;
				CURRENT_PROJECT_VERSION = 1;
				DEBUG_INFORMATION_FORMAT = "dwarf-with-dsym";
				ENABLE_NS_ASSERTIONS = NO;
				ENABLE_STRICT_OBJC_MSGSEND = YES;
				GCC_C_LANGUAGE_STANDARD = gnu11;
				GCC_NO_COMMON_BLOCKS = YES;
				GCC_WARN_64_TO_32_BIT_CONVERSION = YES;
				GCC_WARN_ABOUT_RETURN_TYPE = YES_ERROR;
				GCC_WARN_UNDECLARED_SELECTOR = YES;
				GCC_WARN_UNINITIALIZED_AUTOS = YES_AGGRESSIVE;
				GCC_WARN_UNUSED_FUNCTION = YES;
				GCC_WARN_UNUSED_VARIABLE = YES;
				IPHONEOS_DEPLOYMENT_TARGET = 10.0;
				MTL_ENABLE_DEBUG_INFO = NO;
				MTL_FAST_MATH = YES;
				SDKROOT = iphoneos;
				SWIFT_COMPILATION_MODE = wholemodule;
				SWIFT_OPTIMIZATION_LEVEL = "-O";
				VALIDATE_PRODUCT = YES;
				VERSIONING_SYSTEM = "apple-generic";
				VERSION_INFO_PREFIX = "";
			};
			name = Release;
		};
		A92AA6B8236BDC81004B9ECD /* Debug */ = {
			isa = XCBuildConfiguration;
			buildSettings = {
				CODE_SIGN_STYLE = Automatic;
				DEFINES_MODULE = YES;
				DEVELOPMENT_TEAM = 8HX9UN9S6G;
				DYLIB_COMPATIBILITY_VERSION = 1;
				DYLIB_CURRENT_VERSION = 1;
				DYLIB_INSTALL_NAME_BASE = "@rpath";
				INFOPLIST_FILE = SRouter/Info.plist;
				INSTALL_PATH = "$(LOCAL_LIBRARY_DIR)/Frameworks";
				LD_RUNPATH_SEARCH_PATHS = (
					"$(inherited)",
					"@executable_path/Frameworks",
					"@loader_path/Frameworks",
				);
				PRODUCT_BUNDLE_IDENTIFIER = jin.SRouter;
				PRODUCT_NAME = "$(TARGET_NAME:c99extidentifier)";
				SKIP_INSTALL = YES;
				SWIFT_VERSION = 5.0;
				TARGETED_DEVICE_FAMILY = "1,2";
			};
			name = Debug;
		};
		A92AA6B9236BDC81004B9ECD /* Release */ = {
			isa = XCBuildConfiguration;
			buildSettings = {
				CODE_SIGN_STYLE = Automatic;
				DEFINES_MODULE = YES;
				DEVELOPMENT_TEAM = 8HX9UN9S6G;
				DYLIB_COMPATIBILITY_VERSION = 1;
				DYLIB_CURRENT_VERSION = 1;
				DYLIB_INSTALL_NAME_BASE = "@rpath";
				INFOPLIST_FILE = SRouter/Info.plist;
				INSTALL_PATH = "$(LOCAL_LIBRARY_DIR)/Frameworks";
				LD_RUNPATH_SEARCH_PATHS = (
					"$(inherited)",
					"@executable_path/Frameworks",
					"@loader_path/Frameworks",
				);
				PRODUCT_BUNDLE_IDENTIFIER = jin.SRouter;
				PRODUCT_NAME = "$(TARGET_NAME:c99extidentifier)";
				SKIP_INSTALL = YES;
				SWIFT_VERSION = 5.0;
				TARGETED_DEVICE_FAMILY = "1,2";
			};
			name = Release;
		};
		A92AA6BB236BDC81004B9ECD /* Debug */ = {
			isa = XCBuildConfiguration;
			buildSettings = {
				ALWAYS_EMBED_SWIFT_STANDARD_LIBRARIES = YES;
				CODE_SIGN_STYLE = Automatic;
				DEVELOPMENT_TEAM = 8HX9UN9S6G;
				INFOPLIST_FILE = SRouterTests/Info.plist;
				LD_RUNPATH_SEARCH_PATHS = (
					"$(inherited)",
					"@executable_path/Frameworks",
					"@loader_path/Frameworks",
				);
				PRODUCT_BUNDLE_IDENTIFIER = jin.SRouterTests;
				PRODUCT_NAME = "$(TARGET_NAME)";
				SWIFT_VERSION = 5.0;
				TARGETED_DEVICE_FAMILY = "1,2";
			};
			name = Debug;
		};
		A92AA6BC236BDC81004B9ECD /* Release */ = {
			isa = XCBuildConfiguration;
			buildSettings = {
				ALWAYS_EMBED_SWIFT_STANDARD_LIBRARIES = YES;
				CODE_SIGN_STYLE = Automatic;
				DEVELOPMENT_TEAM = 8HX9UN9S6G;
				INFOPLIST_FILE = SRouterTests/Info.plist;
				LD_RUNPATH_SEARCH_PATHS = (
					"$(inherited)",
					"@executable_path/Frameworks",
					"@loader_path/Frameworks",
				);
				PRODUCT_BUNDLE_IDENTIFIER = jin.SRouterTests;
				PRODUCT_NAME = "$(TARGET_NAME)";
				SWIFT_VERSION = 5.0;
				TARGETED_DEVICE_FAMILY = "1,2";
			};
			name = Release;
		};
/* End XCBuildConfiguration section */

/* Begin XCConfigurationList section */
		A92AA69D236BDC81004B9ECD /* Build configuration list for PBXProject "SRouter" */ = {
			isa = XCConfigurationList;
			buildConfigurations = (
				A92AA6B5236BDC81004B9ECD /* Debug */,
				A92AA6B6236BDC81004B9ECD /* Release */,
			);
			defaultConfigurationIsVisible = 0;
			defaultConfigurationName = Release;
		};
		A92AA6B7236BDC81004B9ECD /* Build configuration list for PBXNativeTarget "SRouter" */ = {
			isa = XCConfigurationList;
			buildConfigurations = (
				A92AA6B8236BDC81004B9ECD /* Debug */,
				A92AA6B9236BDC81004B9ECD /* Release */,
			);
			defaultConfigurationIsVisible = 0;
			defaultConfigurationName = Release;
		};
		A92AA6BA236BDC81004B9ECD /* Build configuration list for PBXNativeTarget "SRouterTests" */ = {
			isa = XCConfigurationList;
			buildConfigurations = (
				A92AA6BB236BDC81004B9ECD /* Debug */,
				A92AA6BC236BDC81004B9ECD /* Release */,
			);
			defaultConfigurationIsVisible = 0;
			defaultConfigurationName = Release;
		};
/* End XCConfigurationList section */
	};
	rootObject = A92AA69A236BDC81004B9ECD /* Project object */;
}
